
Microsoft Visual Studio Solution File, Format Version 12.00
# Visual Studio Version 17
VisualStudioVersion = 17.14.36408.4 d17.14
MinimumVisualStudioVersion = 10.0.40219.1
Project("{FAE04EC0-301F-11D3-BF4B-00C04F79EFBC}") = "CapaPresentacion", "InmoGestor\CapaPresentacion.csproj", "{CEDCF44D-F957-47E0-BC16-2FA3E8C78BA4}"
EndProject
Project("{FAE04EC0-301F-11D3-BF4B-00C04F79EFBC}") = "CapaEntidad", "CapaEntidad\CapaEntidad.csproj", "{1A5A1BCA-DFAA-4CDB-84D7-221E0F6FF295}"
EndProject
Project("{FAE04EC0-301F-11D3-BF4B-00C04F79EFBC}") = "CapaNegocio", "CapaNegocio\CapaNegocio.csproj", "{F7BBE4CD-2D6E-4B4E-BED5-B032A0D888B3}"
EndProject
Project("{FAE04EC0-301F-11D3-BF4B-00C04F79EFBC}") = "CapaDatos", "CapaDatos\CapaDatos.csproj", "{FF3A1166-EADA-4960-8D2B-D50DBCDDBCF7}"
EndProject
Global
	GlobalSection(SolutionConfigurationPlatforms) = preSolution
		Debug|Any CPU = Debug|Any CPU
		Release|Any CPU = Release|Any CPU
	EndGlobalSection
	GlobalSection(ProjectConfigurationPlatforms) = postSolution
		{CEDCF44D-F957-47E0-BC16-2FA3E8C78BA4}.Debug|Any CPU.ActiveCfg = Debug|Any CPU
		{CEDCF44D-F957-47E0-BC16-2FA3E8C78BA4}.Debug|Any CPU.Build.0 = Debug|Any CPU
		{CEDCF44D-F957-47E0-BC16-2FA3E8C78BA4}.Release|Any CPU.ActiveCfg = Release|Any CPU
		{CEDCF44D-F957-47E0-BC16-2FA3E8C78BA4}.Release|Any CPU.Build.0 = Release|Any CPU
		{1A5A1BCA-DFAA-4CDB-84D7-221E0F6FF295}.Debug|Any CPU.ActiveCfg = Debug|Any CPU
		{1A5A1BCA-DFAA-4CDB-84D7-221E0F6FF295}.Debug|Any CPU.Build.0 = Debug|Any CPU
		{1A5A1BCA-DFAA-4CDB-84D7-221E0F6FF295}.Release|Any CPU.ActiveCfg = Release|Any CPU
		{1A5A1BCA-DFAA-4CDB-84D7-221E0F6FF295}.Release|Any CPU.Build.0 = Release|Any CPU
		{F7BBE4CD-2D6E-4B4E-BED5-B032A0D888B3}.Debug|Any CPU.ActiveCfg = Debug|Any CPU
		{F7BBE4CD-2D6E-4B4E-BED5-B032A0D888B3}.Debug|Any CPU.Build.0 = Debug|Any CPU
		{F7BBE4CD-2D6E-4B4E-BED5-B032A0D888B3}.Release|Any CPU.ActiveCfg = Release|Any CPU
		{F7BBE4CD-2D6E-4B4E-BED5-B032A0D888B3}.Release|Any CPU.Build.0 = Release|Any CPU
		{FF3A1166-EADA-4960-8D2B-D50DBCDDBCF7}.Debug|Any CPU.ActiveCfg = Debug|Any CPU
		{FF3A1166-EADA-4960-8D2B-D50DBCDDBCF7}.Debug|Any CPU.Build.0 = Debug|Any CPU
		{FF3A1166-EADA-4960-8D2B-D50DBCDDBCF7}.Release|Any CPU.ActiveCfg = Release|Any CPU
		{FF3A1166-EADA-4960-8D2B-D50DBCDDBCF7}.Release|Any CPU.Build.0 = Release|Any CPU
	EndGlobalSection
	GlobalSection(SolutionProperties) = preSolution
		HideSolutionNode = FALSE
	EndGlobalSection
	GlobalSection(ExtensibilityGlobals) = postSolution
		SolutionGuid = {16AA32BF-A534-47A7-BC18-5C4E260D2E4F}
	EndGlobalSection
EndGlobal
